
Microsoft Visual Studio Solution File, Format Version 12.00
# Visual Studio Version 17
VisualStudioVersion = 17.0.32126.317
MinimumVisualStudioVersion = 10.0.40219.1
Project("{FAE04EC0-301F-11D3-BF4B-00C04F79EFBC}") = "EmployeePayrollUsingThreads", "EmployeePayrollUsingThreads.csproj", "{D651BDC8-A13C-4DE0-AAE2-980CC3CD290A}"
EndProject
Project("{FAE04EC0-301F-11D3-BF4B-00C04F79EFBC}") = "EmployeePayrollTest", "..\EmployeePayrollTest\EmployeePayrollTest.csproj", "{AD3C2201-2EA5-476B-B055-692D65612AF3}"
EndProject
Global
	GlobalSection(SolutionConfigurationPlatforms) = preSolution
		Debug|Any CPU = Debug|Any CPU
		Release|Any CPU = Release|Any CPU
	EndGlobalSection
	GlobalSection(ProjectConfigurationPlatforms) = postSolution
		{D651BDC8-A13C-4DE0-AAE2-980CC3CD290A}.Debug|Any CPU.ActiveCfg = Debug|Any CPU
		{D651BDC8-A13C-4DE0-AAE2-980CC3CD290A}.Debug|Any CPU.Build.0 = Debug|Any CPU
		{D651BDC8-A13C-4DE0-AAE2-980CC3CD290A}.Release|Any CPU.ActiveCfg = Release|Any CPU
		{D651BDC8-A13C-4DE0-AAE2-980CC3CD290A}.Release|Any CPU.Build.0 = Release|Any CPU
		{AD3C2201-2EA5-476B-B055-692D65612AF3}.Debug|Any CPU.ActiveCfg = Debug|Any CPU
		{AD3C2201-2EA5-476B-B055-692D65612AF3}.Debug|Any CPU.Build.0 = Debug|Any CPU
		{AD3C2201-2EA5-476B-B055-692D65612AF3}.Release|Any CPU.ActiveCfg = Release|Any CPU
		{AD3C2201-2EA5-476B-B055-692D65612AF3}.Release|Any CPU.Build.0 = Release|Any CPU
	EndGlobalSection
	GlobalSection(SolutionProperties) = preSolution
		HideSolutionNode = FALSE
	EndGlobalSection
	GlobalSection(ExtensibilityGlobals) = postSolution
		SolutionGuid = {F7DD1275-161A-43F1-AED3-B51AE06E3EAC}
	EndGlobalSection
EndGlobal
